<?xml version="1.0" encoding="utf-8"?>
<Project ToolsVersion="4.0" xmlns="http://schemas.microsoft.com/developer/msbuild/2003">
  <ItemGroup>
    <Filter Include="Source Files">
      <UniqueIdentifier>{4FC737F1-C7A5-4376-A066-2A32D752A2FF}</UniqueIdentifier>
      <Extensions>cpp;c;cc;cxx;c++;cppm;ixx;def;odl;idl;hpj;bat;asm;asmx</Extensions>
    </Filter>
    <Filter Include="Header Files">
      <UniqueIdentifier>{93995380-89BD-4b04-88EB-625FBE52EBFB}</UniqueIdentifier>
      <Extensions>h;hh;hpp;hxx;h++;hm;inl;inc;ipp;xsd</Extensions>
    </Filter>
    <Filter Include="Resource Files">
      <UniqueIdentifier>{67DA6AB6-F800-4c08-8B7A-83BB121AAD01}</UniqueIdentifier>
      <Extensions>rc;ico;cur;bmp;dlg;rc2;rct;bin;rgs;gif;jpg;jpeg;jpe;resx;tiff;tif;png;wav;mfcribbon-ms</Extensions>
    </Filter>
    <Filter Include="Source Files\AppStates">
      <UniqueIdentifier>{0f8655ae-955b-4238-9ff4-deec4c0ad7e5}</UniqueIdentifier>
    </Filter>
    <Filter Include="Source Files\ChessPieces">
      <UniqueIdentifier>{0c7f1c81-31f4-44d6-9014-01350fefb624}</UniqueIdentifier>
    </Filter>
    <Filter Include="Header Files\AppStates">
      <UniqueIdentifier>{dbd89fc6-8a29-46cd-8ef8-6a16da708879}</UniqueIdentifier>
    </Filter>
    <Filter Include="Header Files\ChessPieces">
      <UniqueIdentifier>{212664de-8339-4a45-9dcb-2ae53dd60c63}</UniqueIdentifier>
    </Filter>
    <Filter Include="Header Files\UI">
      <UniqueIdentifier>{ede3ce05-b703-482b-a775-3f29ed74cd89}</UniqueIdentifier>
    </Filter>
    <Filter Include="Source Files\UI">
      <UniqueIdentifier>{f46ab128-4cd1-48fb-b86f-b2bc570a5460}</UniqueIdentifier>
    </Filter>
    <Filter Include="Source Files\Function">
      <UniqueIdentifier>{b5c5b2a4-e00f-40ae-ae87-ddaee0281079}</UniqueIdentifier>
    </Filter>
    <Filter Include="Header Files\Function">
      <UniqueIdentifier>{7ac791cf-ffb4-40e4-b8ba-a72041479b28}</UniqueIdentifier>
    </Filter>
  </ItemGroup>
  <ItemGroup>
    <ClCompile Include="Main.cpp">
      <Filter>Source Files</Filter>
    </ClCompile>
    <ClCompile Include="AppState.cpp">
      <Filter>Source Files\AppStates</Filter>
    </ClCompile>
    <ClCompile Include="MenuState.cpp">
      <Filter>Source Files\AppStates</Filter>
    </ClCompile>
    <ClCompile Include="GameState.cpp">
      <Filter>Source Files\AppStates</Filter>
    </ClCompile>
    <ClCompile Include="OptionsState.cpp">
      <Filter>Source Files\AppStates</Filter>
    </ClCompile>
    <ClCompile Include="ChessPieceController.cpp">
      <Filter>Source Files\ChessPieces</Filter>
    </ClCompile>
    <ClCompile Include="KingController.cpp">
      <Filter>Source Files\ChessPieces</Filter>
    </ClCompile>
    <ClCompile Include="KnightController.cpp">
      <Filter>Source Files\ChessPieces</Filter>
    </ClCompile>
    <ClCompile Include="RookController.cpp">
      <Filter>Source Files\ChessPieces</Filter>
    </ClCompile>
    <ClCompile Include="QueenController.cpp">
      <Filter>Source Files\ChessPieces</Filter>
    </ClCompile>
    <ClCompile Include="BishopController.cpp">
      <Filter>Source Files\ChessPieces</Filter>
    </ClCompile>
    <ClCompile Include="PawnController.cpp">
      <Filter>Source Files\ChessPieces</Filter>
    </ClCompile>
    <ClCompile Include="BoardController.cpp">
      <Filter>Source Files\Function</Filter>
    </ClCompile>
    <ClCompile Include="PlayerController.cpp">
      <Filter>Source Files\Function</Filter>
    </ClCompile>
    <ClCompile Include="AIController.cpp">
      <Filter>Source Files\Function</Filter>
    </ClCompile>
    <ClCompile Include="Timer.cpp">
      <Filter>Source Files\Function</Filter>
    </ClCompile>
    <ClCompile Include="UIMenuController.cpp">
      <Filter>Source Files\UI</Filter>
    </ClCompile>
    <ClCompile Include="UIBoardController.cpp">
      <Filter>Source Files\UI</Filter>
    </ClCompile>
    <ClCompile Include="LoadingState.cpp">
      <Filter>Source Files\AppStates</Filter>
    </ClCompile>
    <ClCompile Include="Player.cpp">
      <Filter>Source Files\Function</Filter>
    </ClCompile>
    <ClCompile Include="Application.cpp">
      <Filter>Source Files\Function</Filter>
    </ClCompile>
    <ClCompile Include="UIOptionsController.cpp">
      <Filter>Source Files\UI</Filter>
    </ClCompile>
    <ClCompile Include="Checkbox.cpp">
      <Filter>Source Files\UI</Filter>
    </ClCompile>
    <ClCompile Include="shared.cpp">
      <Filter>Source Files</Filter>
    </ClCompile>
  </ItemGroup>
  <ItemGroup>
    <ClInclude Include="resource.h">
      <Filter>Header Files</Filter>
    </ClInclude>
    <ClInclude Include="KnightController.h">
      <Filter>Header Files\ChessPieces</Filter>
    </ClInclude>
    <ClInclude Include="KingController.h">
      <Filter>Header Files\ChessPieces</Filter>
    </ClInclude>
    <ClInclude Include="ChessPieceController.h">
      <Filter>Header Files\ChessPieces</Filter>
    </ClInclude>
    <ClInclude Include="BishopController.h">
      <Filter>Header Files\ChessPieces</Filter>
    </ClInclude>
    <ClInclude Include="PawnController.h">
      <Filter>Header Files\ChessPieces</Filter>
    </ClInclude>
    <ClInclude Include="MenuState.h">
      <Filter>Header Files\AppStates</Filter>
    </ClInclude>
    <ClInclude Include="QueenController.h">
      <Filter>Header Files\ChessPieces</Filter>
    </ClInclude>
    <ClInclude Include="RookController.h">
      <Filter>Header Files\ChessPieces</Filter>
    </ClInclude>
    <ClInclude Include="GameState.h">
      <Filter>Header Files\AppStates</Filter>
    </ClInclude>
    <ClInclude Include="AppState.h">
      <Filter>Header Files\AppStates</Filter>
    </ClInclude>
    <ClInclude Include="OptionsState.h">
      <Filter>Header Files\AppStates</Filter>
    </ClInclude>
    <ClInclude Include="UIMenuController.h">
      <Filter>Header Files\UI</Filter>
    </ClInclude>
    <ClInclude Include="UIBoardController.h">
      <Filter>Header Files\UI</Filter>
    </ClInclude>
    <ClInclude Include="LoadingState.h">
      <Filter>Header Files\AppStates</Filter>
    </ClInclude>
    <ClInclude Include="AIController.h">
      <Filter>Header Files\Function</Filter>
    </ClInclude>
    <ClInclude Include="Application.h">
      <Filter>Header Files\Function</Filter>
    </ClInclude>
    <ClInclude Include="BoardController.h">
      <Filter>Header Files\Function</Filter>
    </ClInclude>
    <ClInclude Include="PlayerController.h">
      <Filter>Header Files\Function</Filter>
    </ClInclude>
    <ClInclude Include="Player.h">
      <Filter>Header Files\Function</Filter>
    </ClInclude>
    <ClInclude Include="UIOptionsController.h">
      <Filter>Header Files\UI</Filter>
    </ClInclude>
    <ClInclude Include="Checkbox.h">
      <Filter>Header Files\UI</Filter>
    </ClInclude>
    <ClInclude Include="resource1.h">
      <Filter>Header Files</Filter>
    </ClInclude>
    <ClInclude Include="Timer.h">
      <Filter>Header Files\Function</Filter>
    </ClInclude>
    <ClInclude Include="chessStructures.h">
      <Filter>Header Files</Filter>
    </ClInclude>
    <ClInclude Include="shared.h">
      <Filter>Header Files</Filter>
    </ClInclude>
  </ItemGroup>
  <ItemGroup>
    <ResourceCompile Include="Chess-ZofiaMachowska1.rc">
      <Filter>Resource Files</Filter>
    </ResourceCompile>
  </ItemGroup>
</Project>