<?xml version="1.0" encoding="utf-8"?>
<Project ToolsVersion="4.0" xmlns="http://schemas.microsoft.com/developer/msbuild/2003">
  <ItemGroup>
    <Filter Include="Source Files">
      <UniqueIdentifier>{4FC737F1-C7A5-4376-A066-2A32D752A2FF}</UniqueIdentifier>
      <Extensions>cpp;c;cc;cxx;c++;cppm;ixx;def;odl;idl;hpj;bat;asm;asmx</Extensions>
    </Filter>
    <Filter Include="Header Files">
      <UniqueIdentifier>{93995380-89BD-4b04-88EB-625FBE52EBFB}</UniqueIdentifier>
      <Extensions>h;hh;hpp;hxx;h++;hm;inl;inc;ipp;xsd</Extensions>
    </Filter>
    <Filter Include="Resource Files">
      <UniqueIdentifier>{67DA6AB6-F800-4c08-8B7A-83BB121AAD01}</UniqueIdentifier>
      <Extensions>rc;ico;cur;bmp;dlg;rc2;rct;bin;rgs;gif;jpg;jpeg;jpe;resx;tiff;tif;png;wav;mfcribbon-ms</Extensions>
    </Filter>
    <Filter Include="Source Files\AppStates">
      <UniqueIdentifier>{0f8655ae-955b-4238-9ff4-deec4c0ad7e5}</UniqueIdentifier>
    </Filter>
    <Filter Include="Source Files\ChessPieces">
      <UniqueIdentifier>{0c7f1c81-31f4-44d6-9014-01350fefb624}</UniqueIdentifier>
    </Filter>
    <Filter Include="Header Files\AppStates">
      <UniqueIdentifier>{dbd89fc6-8a29-46cd-8ef8-6a16da708879}</UniqueIdentifier>
    </Filter>
    <Filter Include="Header Files\ChessPieces">
      <UniqueIdentifier>{212664de-8339-4a45-9dcb-2ae53dd60c63}</UniqueIdentifier>
    </Filter>
    <Filter Include="Header Files\UI">
      <UniqueIdentifier>{ede3ce05-b703-482b-a775-3f29ed74cd89}</UniqueIdentifier>
    </Filter>
    <Filter Include="Source Files\UI">
      <UniqueIdentifier>{f46ab128-4cd1-48fb-b86f-b2bc570a5460}</UniqueIdentifier>
    </Filter>
    <Filter Include="Source Files\Function">
      <UniqueIdentifier>{b5c5b2a4-e00f-40ae-ae87-ddaee0281079}</UniqueIdentifier>
    </Filter>
    <Filter Include="Header Files\Function">
      <UniqueIdentifier>{7ac791cf-ffb4-40e4-b8ba-a72041479b28}</UniqueIdentifier>
    </Filter>
    <Filter Include="Header Files\Shared">
      <UniqueIdentifier>{014c4fa2-4365-4639-9cfb-d13268b78346}</UniqueIdentifier>
    </Filter>
    <Filter Include="Source Files\Shared">
      <UniqueIdentifier>{e52ba33e-6630-4e31-b7ce-edc9f37f5ba7}</UniqueIdentifier>
    </Filter>
  </ItemGroup>
  <ItemGroup>
    <ClCompile Include="Main.cpp">
      <Filter>Source Files</Filter>
    </ClCompile>
    <ClCompile Include="MenuState.cpp">
      <Filter>Source Files\AppStates</Filter>
    </ClCompile>
    <ClCompile Include="GameState.cpp">
      <Filter>Source Files\AppStates</Filter>
    </ClCompile>
    <ClCompile Include="OptionsState.cpp">
      <Filter>Source Files\AppStates</Filter>
    </ClCompile>
    <ClCompile Include="King.cpp">
      <Filter>Source Files\ChessPieces</Filter>
    </ClCompile>
    <ClCompile Include="Rook.cpp">
      <Filter>Source Files\ChessPieces</Filter>
    </ClCompile>
    <ClCompile Include="Queen.cpp">
      <Filter>Source Files\ChessPieces</Filter>
    </ClCompile>
    <ClCompile Include="Bishop.cpp">
      <Filter>Source Files\ChessPieces</Filter>
    </ClCompile>
    <ClCompile Include="Pawn.cpp">
      <Filter>Source Files\ChessPieces</Filter>
    </ClCompile>
    <ClCompile Include="Board.cpp">
      <Filter>Source Files\Function</Filter>
    </ClCompile>
    <ClCompile Include="AI.cpp">
      <Filter>Source Files\Function</Filter>
    </ClCompile>
    <ClCompile Include="Timer.cpp">
      <Filter>Source Files\Function</Filter>
    </ClCompile>
    <ClCompile Include="UIMenu.cpp">
      <Filter>Source Files\UI</Filter>
    </ClCompile>
    <ClCompile Include="UIBoard.cpp">
      <Filter>Source Files\UI</Filter>
    </ClCompile>
    <ClCompile Include="LoadingState.cpp">
      <Filter>Source Files\AppStates</Filter>
    </ClCompile>
    <ClCompile Include="Player.cpp">
      <Filter>Source Files\Function</Filter>
    </ClCompile>
    <ClCompile Include="Application.cpp">
      <Filter>Source Files\Function</Filter>
    </ClCompile>
    <ClCompile Include="UIOptions.cpp">
      <Filter>Source Files\UI</Filter>
    </ClCompile>
    <ClCompile Include="Button.cpp">
      <Filter>Source Files\Shared</Filter>
    </ClCompile>
    <ClCompile Include="Checkbox.cpp">
      <Filter>Source Files\Shared</Filter>
    </ClCompile>
    <ClCompile Include="shared.cpp">
      <Filter>Source Files\Shared</Filter>
    </ClCompile>
    <ClCompile Include="UILoading.cpp">
      <Filter>Source Files\UI</Filter>
    </ClCompile>
    <ClCompile Include="dist\jsoncpp.cpp">
      <Filter>Source Files</Filter>
    </ClCompile>
    <ClCompile Include="Game.cpp">
      <Filter>Source Files\Function</Filter>
    </ClCompile>
    <ClCompile Include="Move.cpp">
      <Filter>Source Files\Function</Filter>
    </ClCompile>
    <ClCompile Include="MoveValidator.cpp">
      <Filter>Source Files\Function</Filter>
    </ClCompile>
    <ClCompile Include="ChessPiece.cpp">
      <Filter>Source Files\ChessPieces</Filter>
    </ClCompile>
    <ClCompile Include="Knight.cpp">
      <Filter>Source Files\ChessPieces</Filter>
    </ClCompile>
    <ClCompile Include="SaveLoadManager.cpp">
      <Filter>Source Files\Function</Filter>
    </ClCompile>
    <ClCompile Include="aiOptions.cpp">
      <Filter>Source Files\Function</Filter>
    </ClCompile>
  </ItemGroup>
  <ItemGroup>
    <ClInclude Include="resource.h">
      <Filter>Header Files</Filter>
    </ClInclude>
    <ClInclude Include="Knight.h">
      <Filter>Header Files\ChessPieces</Filter>
    </ClInclude>
    <ClInclude Include="King.h">
      <Filter>Header Files\ChessPieces</Filter>
    </ClInclude>
    <ClInclude Include="ChessPiece.h">
      <Filter>Header Files\ChessPieces</Filter>
    </ClInclude>
    <ClInclude Include="Bishop.h">
      <Filter>Header Files\ChessPieces</Filter>
    </ClInclude>
    <ClInclude Include="Pawn.h">
      <Filter>Header Files\ChessPieces</Filter>
    </ClInclude>
    <ClInclude Include="MenuState.h">
      <Filter>Header Files\AppStates</Filter>
    </ClInclude>
    <ClInclude Include="Queen.h">
      <Filter>Header Files\ChessPieces</Filter>
    </ClInclude>
    <ClInclude Include="Rook.h">
      <Filter>Header Files\ChessPieces</Filter>
    </ClInclude>
    <ClInclude Include="GameState.h">
      <Filter>Header Files\AppStates</Filter>
    </ClInclude>
    <ClInclude Include="AppState.h">
      <Filter>Header Files\AppStates</Filter>
    </ClInclude>
    <ClInclude Include="OptionsState.h">
      <Filter>Header Files\AppStates</Filter>
    </ClInclude>
    <ClInclude Include="UIMenu.h">
      <Filter>Header Files\UI</Filter>
    </ClInclude>
    <ClInclude Include="UIBoard.h">
      <Filter>Header Files\UI</Filter>
    </ClInclude>
    <ClInclude Include="LoadingState.h">
      <Filter>Header Files\AppStates</Filter>
    </ClInclude>
    <ClInclude Include="AI.h">
      <Filter>Header Files\Function</Filter>
    </ClInclude>
    <ClInclude Include="Application.h">
      <Filter>Header Files\Function</Filter>
    </ClInclude>
    <ClInclude Include="Board.h">
      <Filter>Header Files\Function</Filter>
    </ClInclude>
    <ClInclude Include="Player.h">
      <Filter>Header Files\Function</Filter>
    </ClInclude>
    <ClInclude Include="UIOptions.h">
      <Filter>Header Files\UI</Filter>
    </ClInclude>
    <ClInclude Include="resource1.h">
      <Filter>Header Files</Filter>
    </ClInclude>
    <ClInclude Include="Timer.h">
      <Filter>Header Files\Function</Filter>
    </ClInclude>
    <ClInclude Include="Button.h">
      <Filter>Header Files\Shared</Filter>
    </ClInclude>
    <ClInclude Include="Checkbox.h">
      <Filter>Header Files\Shared</Filter>
    </ClInclude>
    <ClInclude Include="UILoading.h">
      <Filter>Header Files\UI</Filter>
    </ClInclude>
    <ClInclude Include="dist\json\json.h">
      <Filter>Header Files</Filter>
    </ClInclude>
    <ClInclude Include="dist\json\json-forwards.h">
      <Filter>Header Files</Filter>
    </ClInclude>
    <ClInclude Include="Game.h">
      <Filter>Header Files\Function</Filter>
    </ClInclude>
    <ClInclude Include="Move.h">
      <Filter>Header Files\Function</Filter>
    </ClInclude>
    <ClInclude Include="MoveValidator.h">
      <Filter>Header Files\Function</Filter>
    </ClInclude>
    <ClInclude Include="SaveLoadManager.h">
      <Filter>Header Files\Function</Filter>
    </ClInclude>
    <ClInclude Include="chessStructures.h">
      <Filter>Header Files\Shared</Filter>
    </ClInclude>
    <ClInclude Include="aiOptions.h">
      <Filter>Header Files\Function</Filter>
    </ClInclude>
  </ItemGroup>
  <ItemGroup>
    <ResourceCompile Include="Chess-ZofiaMachowska1.rc">
      <Filter>Resource Files</Filter>
    </ResourceCompile>
  </ItemGroup>
  <ItemGroup>
    <None Include="ClassDiagram.cd" />
  </ItemGroup>
</Project>